
Microsoft Visual Studio Solution File, Format Version 12.00
# Visual Studio Version 16
VisualStudioVersion = 16.0.29326.143
MinimumVisualStudioVersion = 10.0.40219.1
Project("{FAE04EC0-301F-11D3-BF4B-00C04F79EFBC}") = "Com_Inter_lab2", "PortControlDemo\Com_Inter_lab2.csproj", "{2495C609-780C-4ED7-BE14-823E5FE3EDFB}"
EndProject
Global
	GlobalSection(SolutionConfigurationPlatforms) = preSolution
		Debug|Any CPU = Debug|Any CPU
		Release|Any CPU = Release|Any CPU
	EndGlobalSection
	GlobalSection(ProjectConfigurationPlatforms) = postSolution
		{2495C609-780C-4ED7-BE14-823E5FE3EDFB}.Debug|Any CPU.ActiveCfg = Debug|Any CPU
		{2495C609-780C-4ED7-BE14-823E5FE3EDFB}.Debug|Any CPU.Build.0 = Debug|Any CPU
		{2495C609-780C-4ED7-BE14-823E5FE3EDFB}.Release|Any CPU.ActiveCfg = Release|Any CPU
		{2495C609-780C-4ED7-BE14-823E5FE3EDFB}.Release|Any CPU.Build.0 = Release|Any CPU
	EndGlobalSection
	GlobalSection(SolutionProperties) = preSolution
		HideSolutionNode = FALSE
	EndGlobalSection
	GlobalSection(ExtensibilityGlobals) = postSolution
		SolutionGuid = {0330531E-EBCD-429E-9CC1-319D86358D4D}
	EndGlobalSection
EndGlobal
